
Microsoft Visual Studio Solution File, Format Version 12.00
# Visual Studio Version 17
VisualStudioVersion = 17.6.33829.357
MinimumVisualStudioVersion = 10.0.40219.1
Project("{8BC9CEB8-8B4A-11D0-8D11-00A0C91BC942}") = "ScriptEngine", "ScriptEngine\ScriptEngine.vcxproj", "{84AC2937-60E8-40E7-AB81-FEB0A141783F}"
EndProject
Project("{FAE04EC0-301F-11D3-BF4B-00C04F79EFBC}") = "GameAssembly", "GameAssembly\GameAssembly.csproj", "{33E94CFD-3927-4D79-BB6D-80B0C6AB8F18}"
EndProject
Global
	GlobalSection(SolutionConfigurationPlatforms) = preSolution
		Debug|Any CPU = Debug|Any CPU
		Debug|x64 = Debug|x64
		Debug|x86 = Debug|x86
		Release|Any CPU = Release|Any CPU
		Release|x64 = Release|x64
		Release|x86 = Release|x86
	EndGlobalSection
	GlobalSection(ProjectConfigurationPlatforms) = postSolution
		{84AC2937-60E8-40E7-AB81-FEB0A141783F}.Debug|Any CPU.ActiveCfg = Debug|x64
		{84AC2937-60E8-40E7-AB81-FEB0A141783F}.Debug|Any CPU.Build.0 = Debug|x64
		{84AC2937-60E8-40E7-AB81-FEB0A141783F}.Debug|x64.ActiveCfg = Debug|x64
		{84AC2937-60E8-40E7-AB81-FEB0A141783F}.Debug|x64.Build.0 = Debug|x64
		{84AC2937-60E8-40E7-AB81-FEB0A141783F}.Debug|x86.ActiveCfg = Debug|Win32
		{84AC2937-60E8-40E7-AB81-FEB0A141783F}.Debug|x86.Build.0 = Debug|Win32
		{84AC2937-60E8-40E7-AB81-FEB0A141783F}.Release|Any CPU.ActiveCfg = Release|x64
		{84AC2937-60E8-40E7-AB81-FEB0A141783F}.Release|Any CPU.Build.0 = Release|x64
		{84AC2937-60E8-40E7-AB81-FEB0A141783F}.Release|x64.ActiveCfg = Release|x64
		{84AC2937-60E8-40E7-AB81-FEB0A141783F}.Release|x64.Build.0 = Release|x64
		{84AC2937-60E8-40E7-AB81-FEB0A141783F}.Release|x86.ActiveCfg = Release|Win32
		{84AC2937-60E8-40E7-AB81-FEB0A141783F}.Release|x86.Build.0 = Release|Win32
		{33E94CFD-3927-4D79-BB6D-80B0C6AB8F18}.Debug|Any CPU.ActiveCfg = Debug|Any CPU
		{33E94CFD-3927-4D79-BB6D-80B0C6AB8F18}.Debug|Any CPU.Build.0 = Debug|Any CPU
		{33E94CFD-3927-4D79-BB6D-80B0C6AB8F18}.Debug|x64.ActiveCfg = Debug|Any CPU
		{33E94CFD-3927-4D79-BB6D-80B0C6AB8F18}.Debug|x64.Build.0 = Debug|Any CPU
		{33E94CFD-3927-4D79-BB6D-80B0C6AB8F18}.Debug|x86.ActiveCfg = Debug|Any CPU
		{33E94CFD-3927-4D79-BB6D-80B0C6AB8F18}.Debug|x86.Build.0 = Debug|Any CPU
		{33E94CFD-3927-4D79-BB6D-80B0C6AB8F18}.Release|Any CPU.ActiveCfg = Release|Any CPU
		{33E94CFD-3927-4D79-BB6D-80B0C6AB8F18}.Release|Any CPU.Build.0 = Release|Any CPU
		{33E94CFD-3927-4D79-BB6D-80B0C6AB8F18}.Release|x64.ActiveCfg = Release|Any CPU
		{33E94CFD-3927-4D79-BB6D-80B0C6AB8F18}.Release|x64.Build.0 = Release|Any CPU
		{33E94CFD-3927-4D79-BB6D-80B0C6AB8F18}.Release|x86.ActiveCfg = Release|Any CPU
		{33E94CFD-3927-4D79-BB6D-80B0C6AB8F18}.Release|x86.Build.0 = Release|Any CPU
	EndGlobalSection
	GlobalSection(SolutionProperties) = preSolution
		HideSolutionNode = FALSE
	EndGlobalSection
	GlobalSection(ExtensibilityGlobals) = postSolution
		SolutionGuid = {A2953E0F-AE8B-43E5-9E3D-CEA2D5B3A44D}
	EndGlobalSection
EndGlobal
